// !$*UTF8*$!
{
	archiveVersion = 1;
	classes = {
	};
	objectVersion = 45;
	objects = {

/* Begin PBXBuildFile section */
		1DDD58160DA1D0A300B32029 /* MainMenu.xib in Resources */ = {isa = PBXBuildFile; fileRef = 1DDD58140DA1D0A300B32029 /* MainMenu.xib */; };
		8D11072B0486CEB800E47090 /* InfoPlist.strings in Resources */ = {isa = PBXBuildFile; fileRef = 089C165CFE840E0CC02AAC07 /* InfoPlist.strings */; };
		8D11072D0486CEB800E47090 /* main.m in Sources */ = {isa = PBXBuildFile; fileRef = 29B97316FDCFA39411CA2CEA /* main.m */; settings = {ATTRIBUTES = (); }; };
		8D11072F0486CEB800E47090 /* Cocoa.framework in Frameworks */ = {isa = PBXBuildFile; fileRef = 1058C7A1FEA54F0111CA2CBB /* Cocoa.framework */; };
		FA4DBF4810CB24DD009B18B1 /* AppController.m in Sources */ = {isa = PBXBuildFile; fileRef = FA4DBF4710CB24DD009B18B1 /* AppController.m */; };
		FA4DBF4C10CB25C1009B18B1 /* Client.m in Sources */ = {isa = PBXBuildFile; fileRef = FA4DBF4B10CB25C1009B18B1 /* Client.m */; };
		FA4DBF6D10CB26EF009B18B1 /* CDataScanner.m in Sources */ = {isa = PBXBuildFile; fileRef = FA4DBF5E10CB26EF009B18B1 /* CDataScanner.m */; };
		FA4DBF6E10CB26EF009B18B1 /* CDataScanner_Extensions.m in Sources */ = {isa = PBXBuildFile; fileRef = FA4DBF6110CB26EF009B18B1 /* CDataScanner_Extensions.m */; };
		FA4DBF6F10CB26EF009B18B1 /* NSCharacterSet_Extensions.m in Sources */ = {isa = PBXBuildFile; fileRef = FA4DBF6310CB26EF009B18B1 /* NSCharacterSet_Extensions.m */; };
		FA4DBF7010CB26EF009B18B1 /* NSDictionary_JSONExtensions.m in Sources */ = {isa = PBXBuildFile; fileRef = FA4DBF6510CB26EF009B18B1 /* NSDictionary_JSONExtensions.m */; };
		FA4DBF7110CB26EF009B18B1 /* CJSONDeserializer.m in Sources */ = {isa = PBXBuildFile; fileRef = FA4DBF6810CB26EF009B18B1 /* CJSONDeserializer.m */; };
		FA4DBF7210CB26EF009B18B1 /* CJSONScanner.m in Sources */ = {isa = PBXBuildFile; fileRef = FA4DBF6A10CB26EF009B18B1 /* CJSONScanner.m */; };
		FA4DBF7310CB26EF009B18B1 /* CJSONSerializer.m in Sources */ = {isa = PBXBuildFile; fileRef = FA4DBF6C10CB26EF009B18B1 /* CJSONSerializer.m */; };
		FA4DBF7C10CB27CE009B18B1 /* Growl-WithInstaller.framework in Frameworks */ = {isa = PBXBuildFile; fileRef = FA4DBF7B10CB27CE009B18B1 /* Growl-WithInstaller.framework */; };
		FA4DBF8410CB27D2009B18B1 /* Growl-WithInstaller.framework in CopyFiles */ = {isa = PBXBuildFile; fileRef = FA4DBF7B10CB27CE009B18B1 /* Growl-WithInstaller.framework */; };
		FA4DBF8910CB29D4009B18B1 /* Growl Registration Ticket.growlRegDict in Resources */ = {isa = PBXBuildFile; fileRef = FA4DBF8810CB29D4009B18B1 /* Growl Registration Ticket.growlRegDict */; };
		FAB70A9310CDBB4D003E3A72 /* grin.png in Resources */ = {isa = PBXBuildFile; fileRef = FAB70A9210CDBB4D003E3A72 /* grin.png */; };
		FAB70B1310CDBF28003E3A72 /* Growl.framework in Frameworks */ = {isa = PBXBuildFile; fileRef = FAB70B1210CDBF28003E3A72 /* Growl.framework */; };
		FAB70B2210CDBF32003E3A72 /* Growl.framework in CopyFiles */ = {isa = PBXBuildFile; fileRef = FAB70B1210CDBF28003E3A72 /* Growl.framework */; };
/* End PBXBuildFile section */

/* Begin PBXCopyFilesBuildPhase section */
		FA4DBF7810CB277A009B18B1 /* CopyFiles */ = {
			isa = PBXCopyFilesBuildPhase;
			buildActionMask = 2147483647;
			dstPath = "";
			dstSubfolderSpec = 10;
			files = (
				FA4DBF8410CB27D2009B18B1 /* Growl-WithInstaller.framework in CopyFiles */,
			);
			runOnlyForDeploymentPostprocessing = 0;
		};
		FAB70B2810CDBF49003E3A72 /* CopyFiles */ = {
			isa = PBXCopyFilesBuildPhase;
			buildActionMask = 2147483647;
			dstPath = "";
			dstSubfolderSpec = 10;
			files = (
				FAB70B2210CDBF32003E3A72 /* Growl.framework in CopyFiles */,
			);
			runOnlyForDeploymentPostprocessing = 0;
		};
/* End PBXCopyFilesBuildPhase section */

/* Begin PBXFileReference section */
		089C165DFE840E0CC02AAC07 /* English */ = {isa = PBXFileReference; fileEncoding = 10; lastKnownFileType = text.plist.strings; name = English; path = English.lproj/InfoPlist.strings; sourceTree = "<group>"; };
		1058C7A1FEA54F0111CA2CBB /* Cocoa.framework */ = {isa = PBXFileReference; lastKnownFileType = wrapper.framework; name = Cocoa.framework; path = /System/Library/Frameworks/Cocoa.framework; sourceTree = "<absolute>"; };
		13E42FB307B3F0F600E4EEF1 /* CoreData.framework */ = {isa = PBXFileReference; lastKnownFileType = wrapper.framework; name = CoreData.framework; path = /System/Library/Frameworks/CoreData.framework; sourceTree = "<absolute>"; };
		1DDD58150DA1D0A300B32029 /* English */ = {isa = PBXFileReference; lastKnownFileType = file.xib; name = English; path = English.lproj/MainMenu.xib; sourceTree = "<group>"; };
		29B97316FDCFA39411CA2CEA /* main.m */ = {isa = PBXFileReference; fileEncoding = 4; lastKnownFileType = sourcecode.c.objc; path = main.m; sourceTree = "<group>"; };
		29B97324FDCFA39411CA2CEA /* AppKit.framework */ = {isa = PBXFileReference; lastKnownFileType = wrapper.framework; name = AppKit.framework; path = /System/Library/Frameworks/AppKit.framework; sourceTree = "<absolute>"; };
		29B97325FDCFA39411CA2CEA /* Foundation.framework */ = {isa = PBXFileReference; lastKnownFileType = wrapper.framework; name = Foundation.framework; path = /System/Library/Frameworks/Foundation.framework; sourceTree = "<absolute>"; };
		32CA4F630368D1EE00C91783 /* Nio_Prefix.pch */ = {isa = PBXFileReference; fileEncoding = 4; lastKnownFileType = sourcecode.c.h; path = Nio_Prefix.pch; sourceTree = "<group>"; };
		8D1107310486CEB800E47090 /* Info.plist */ = {isa = PBXFileReference; fileEncoding = 4; lastKnownFileType = text.plist.xml; path = Info.plist; sourceTree = "<group>"; };
		8D1107320486CEB800E47090 /* Nio.app */ = {isa = PBXFileReference; explicitFileType = wrapper.application; includeInIndex = 0; path = Nio.app; sourceTree = BUILT_PRODUCTS_DIR; };
		FA4DBF4610CB24DD009B18B1 /* AppController.h */ = {isa = PBXFileReference; fileEncoding = 4; lastKnownFileType = sourcecode.c.h; path = AppController.h; sourceTree = "<group>"; };
		FA4DBF4710CB24DD009B18B1 /* AppController.m */ = {isa = PBXFileReference; fileEncoding = 4; lastKnownFileType = sourcecode.c.objc; path = AppController.m; sourceTree = "<group>"; };
		FA4DBF4A10CB25C1009B18B1 /* Client.h */ = {isa = PBXFileReference; fileEncoding = 4; lastKnownFileType = sourcecode.c.h; path = Client.h; sourceTree = "<group>"; };
		FA4DBF4B10CB25C1009B18B1 /* Client.m */ = {isa = PBXFileReference; fileEncoding = 4; lastKnownFileType = sourcecode.c.objc; path = Client.m; sourceTree = "<group>"; };
		FA4DBF5D10CB26EF009B18B1 /* CDataScanner.h */ = {isa = PBXFileReference; fileEncoding = 4; lastKnownFileType = sourcecode.c.h; path = CDataScanner.h; sourceTree = "<group>"; };
		FA4DBF5E10CB26EF009B18B1 /* CDataScanner.m */ = {isa = PBXFileReference; fileEncoding = 4; lastKnownFileType = sourcecode.c.objc; path = CDataScanner.m; sourceTree = "<group>"; };
		FA4DBF6010CB26EF009B18B1 /* CDataScanner_Extensions.h */ = {isa = PBXFileReference; fileEncoding = 4; lastKnownFileType = sourcecode.c.h; path = CDataScanner_Extensions.h; sourceTree = "<group>"; };
		FA4DBF6110CB26EF009B18B1 /* CDataScanner_Extensions.m */ = {isa = PBXFileReference; fileEncoding = 4; lastKnownFileType = sourcecode.c.objc; path = CDataScanner_Extensions.m; sourceTree = "<group>"; };
		FA4DBF6210CB26EF009B18B1 /* NSCharacterSet_Extensions.h */ = {isa = PBXFileReference; fileEncoding = 4; lastKnownFileType = sourcecode.c.h; path = NSCharacterSet_Extensions.h; sourceTree = "<group>"; };
		FA4DBF6310CB26EF009B18B1 /* NSCharacterSet_Extensions.m */ = {isa = PBXFileReference; fileEncoding = 4; lastKnownFileType = sourcecode.c.objc; path = NSCharacterSet_Extensions.m; sourceTree = "<group>"; };
		FA4DBF6410CB26EF009B18B1 /* NSDictionary_JSONExtensions.h */ = {isa = PBXFileReference; fileEncoding = 4; lastKnownFileType = sourcecode.c.h; path = NSDictionary_JSONExtensions.h; sourceTree = "<group>"; };
		FA4DBF6510CB26EF009B18B1 /* NSDictionary_JSONExtensions.m */ = {isa = PBXFileReference; fileEncoding = 4; lastKnownFileType = sourcecode.c.objc; path = NSDictionary_JSONExtensions.m; sourceTree = "<group>"; };
		FA4DBF6710CB26EF009B18B1 /* CJSONDeserializer.h */ = {isa = PBXFileReference; fileEncoding = 4; lastKnownFileType = sourcecode.c.h; path = CJSONDeserializer.h; sourceTree = "<group>"; };
		FA4DBF6810CB26EF009B18B1 /* CJSONDeserializer.m */ = {isa = PBXFileReference; fileEncoding = 4; lastKnownFileType = sourcecode.c.objc; path = CJSONDeserializer.m; sourceTree = "<group>"; };
		FA4DBF6910CB26EF009B18B1 /* CJSONScanner.h */ = {isa = PBXFileReference; fileEncoding = 4; lastKnownFileType = sourcecode.c.h; path = CJSONScanner.h; sourceTree = "<group>"; };
		FA4DBF6A10CB26EF009B18B1 /* CJSONScanner.m */ = {isa = PBXFileReference; fileEncoding = 4; lastKnownFileType = sourcecode.c.objc; path = CJSONScanner.m; sourceTree = "<group>"; };
		FA4DBF6B10CB26EF009B18B1 /* CJSONSerializer.h */ = {isa = PBXFileReference; fileEncoding = 4; lastKnownFileType = sourcecode.c.h; path = CJSONSerializer.h; sourceTree = "<group>"; };
		FA4DBF6C10CB26EF009B18B1 /* CJSONSerializer.m */ = {isa = PBXFileReference; fileEncoding = 4; lastKnownFileType = sourcecode.c.objc; path = CJSONSerializer.m; sourceTree = "<group>"; };
		FA4DBF7B10CB27CE009B18B1 /* Growl-WithInstaller.framework */ = {isa = PBXFileReference; lastKnownFileType = wrapper.framework; path = "Growl-WithInstaller.framework"; sourceTree = "<group>"; };
		FA4DBF8810CB29D4009B18B1 /* Growl Registration Ticket.growlRegDict */ = {isa = PBXFileReference; fileEncoding = 4; lastKnownFileType = text.xml; path = "Growl Registration Ticket.growlRegDict"; sourceTree = "<group>"; };
		FAB70A9210CDBB4D003E3A72 /* grin.png */ = {isa = PBXFileReference; lastKnownFileType = image.png; path = grin.png; sourceTree = "<group>"; };
		FAB70B1210CDBF28003E3A72 /* Growl.framework */ = {isa = PBXFileReference; lastKnownFileType = wrapper.framework; path = Growl.framework; sourceTree = "<group>"; };
/* End PBXFileReference section */

/* Begin PBXFrameworksBuildPhase section */
		8D11072E0486CEB800E47090 /* Frameworks */ = {
			isa = PBXFrameworksBuildPhase;
			buildActionMask = 2147483647;
			files = (
				8D11072F0486CEB800E47090 /* Cocoa.framework in Frameworks */,
				FA4DBF7C10CB27CE009B18B1 /* Growl-WithInstaller.framework in Frameworks */,
				FAB70B1310CDBF28003E3A72 /* Growl.framework in Frameworks */,
			);
			runOnlyForDeploymentPostprocessing = 0;
		};
/* End PBXFrameworksBuildPhase section */

/* Begin PBXGroup section */
		080E96DDFE201D6D7F000001 /* Classes */ = {
			isa = PBXGroup;
			children = (
			);
			name = Classes;
			sourceTree = "<group>";
		};
		1058C7A0FEA54F0111CA2CBB /* Linked Frameworks */ = {
			isa = PBXGroup;
			children = (
				1058C7A1FEA54F0111CA2CBB /* Cocoa.framework */,
			);
			name = "Linked Frameworks";
			sourceTree = "<group>";
		};
		1058C7A2FEA54F0111CA2CBB /* Other Frameworks */ = {
			isa = PBXGroup;
			children = (
				29B97324FDCFA39411CA2CEA /* AppKit.framework */,
				13E42FB307B3F0F600E4EEF1 /* CoreData.framework */,
				29B97325FDCFA39411CA2CEA /* Foundation.framework */,
			);
			name = "Other Frameworks";
			sourceTree = "<group>";
		};
		19C28FACFE9D520D11CA2CBB /* Products */ = {
			isa = PBXGroup;
			children = (
				8D1107320486CEB800E47090 /* Nio.app */,
			);
			name = Products;
			sourceTree = "<group>";
		};
		29B97314FDCFA39411CA2CEA /* Nio */ = {
			isa = PBXGroup;
			children = (
				FAB70B1210CDBF28003E3A72 /* Growl.framework */,
				FA4DBF5C10CB26EF009B18B1 /* Source */,
				080E96DDFE201D6D7F000001 /* Classes */,
				29B97315FDCFA39411CA2CEA /* Other Sources */,
				29B97317FDCFA39411CA2CEA /* Resources */,
				29B97323FDCFA39411CA2CEA /* Frameworks */,
				19C28FACFE9D520D11CA2CBB /* Products */,
				FA4DBF4610CB24DD009B18B1 /* AppController.h */,
				FA4DBF4710CB24DD009B18B1 /* AppController.m */,
				FA4DBF4A10CB25C1009B18B1 /* Client.h */,
				FA4DBF4B10CB25C1009B18B1 /* Client.m */,
			);
			name = Nio;
			sourceTree = "<group>";
		};
		29B97315FDCFA39411CA2CEA /* Other Sources */ = {
			isa = PBXGroup;
			children = (
				32CA4F630368D1EE00C91783 /* Nio_Prefix.pch */,
				29B97316FDCFA39411CA2CEA /* main.m */,
			);
			name = "Other Sources";
			sourceTree = "<group>";
		};
		29B97317FDCFA39411CA2CEA /* Resources */ = {
			isa = PBXGroup;
			children = (
				FAB70A9210CDBB4D003E3A72 /* grin.png */,
				FA4DBF8810CB29D4009B18B1 /* Growl Registration Ticket.growlRegDict */,
				8D1107310486CEB800E47090 /* Info.plist */,
				089C165CFE840E0CC02AAC07 /* InfoPlist.strings */,
				1DDD58140DA1D0A300B32029 /* MainMenu.xib */,
			);
			name = Resources;
			sourceTree = "<group>";
		};
		29B97323FDCFA39411CA2CEA /* Frameworks */ = {
			isa = PBXGroup;
			children = (
				FA4DBF7B10CB27CE009B18B1 /* Growl-WithInstaller.framework */,
				1058C7A0FEA54F0111CA2CBB /* Linked Frameworks */,
				1058C7A2FEA54F0111CA2CBB /* Other Frameworks */,
			);
			name = Frameworks;
			sourceTree = "<group>";
		};
		FA4DBF5C10CB26EF009B18B1 /* Source */ = {
			isa = PBXGroup;
			children = (
				FA4DBF5D10CB26EF009B18B1 /* CDataScanner.h */,
				FA4DBF5E10CB26EF009B18B1 /* CDataScanner.m */,
				FA4DBF5F10CB26EF009B18B1 /* Extensions */,
				FA4DBF6610CB26EF009B18B1 /* JSON */,
			);
			path = Source;
			sourceTree = "<group>";
		};
		FA4DBF5F10CB26EF009B18B1 /* Extensions */ = {
			isa = PBXGroup;
			children = (
				FA4DBF6010CB26EF009B18B1 /* CDataScanner_Extensions.h */,
				FA4DBF6110CB26EF009B18B1 /* CDataScanner_Extensions.m */,
				FA4DBF6210CB26EF009B18B1 /* NSCharacterSet_Extensions.h */,
				FA4DBF6310CB26EF009B18B1 /* NSCharacterSet_Extensions.m */,
				FA4DBF6410CB26EF009B18B1 /* NSDictionary_JSONExtensions.h */,
				FA4DBF6510CB26EF009B18B1 /* NSDictionary_JSONExtensions.m */,
			);
			path = Extensions;
			sourceTree = "<group>";
		};
		FA4DBF6610CB26EF009B18B1 /* JSON */ = {
			isa = PBXGroup;
			children = (
				FA4DBF6710CB26EF009B18B1 /* CJSONDeserializer.h */,
				FA4DBF6810CB26EF009B18B1 /* CJSONDeserializer.m */,
				FA4DBF6910CB26EF009B18B1 /* CJSONScanner.h */,
				FA4DBF6A10CB26EF009B18B1 /* CJSONScanner.m */,
				FA4DBF6B10CB26EF009B18B1 /* CJSONSerializer.h */,
				FA4DBF6C10CB26EF009B18B1 /* CJSONSerializer.m */,
			);
			path = JSON;
			sourceTree = "<group>";
		};
/* End PBXGroup section */

/* Begin PBXNativeTarget section */
		8D1107260486CEB800E47090 /* Nio */ = {
			isa = PBXNativeTarget;
			buildConfigurationList = C01FCF4A08A954540054247B /* Build configuration list for PBXNativeTarget "Nio" */;
			buildPhases = (
				8D1107290486CEB800E47090 /* Resources */,
				8D11072C0486CEB800E47090 /* Sources */,
				8D11072E0486CEB800E47090 /* Frameworks */,
				FA4DBF7810CB277A009B18B1 /* CopyFiles */,
				FAB70B2810CDBF49003E3A72 /* CopyFiles */,
			);
			buildRules = (
			);
			dependencies = (
			);
			name = Nio;
			productInstallPath = "$(HOME)/Applications";
			productName = Nio;
			productReference = 8D1107320486CEB800E47090 /* Nio.app */;
			productType = "com.apple.product-type.application";
		};
/* End PBXNativeTarget section */

/* Begin PBXProject section */
		29B97313FDCFA39411CA2CEA /* Project object */ = {
			isa = PBXProject;
			buildConfigurationList = C01FCF4E08A954540054247B /* Build configuration list for PBXProject "Nio" */;
			compatibilityVersion = "Xcode 3.1";
			hasScannedForEncodings = 1;
			mainGroup = 29B97314FDCFA39411CA2CEA /* Nio */;
			projectDirPath = "";
			projectRoot = "";
			targets = (
				8D1107260486CEB800E47090 /* Nio */,
			);
		};
/* End PBXProject section */

/* Begin PBXResourcesBuildPhase section */
		8D1107290486CEB800E47090 /* Resources */ = {
			isa = PBXResourcesBuildPhase;
			buildActionMask = 2147483647;
			files = (
				FA4DBF8910CB29D4009B18B1 /* Growl Registration Ticket.growlRegDict in Resources */,
				8D11072B0486CEB800E47090 /* InfoPlist.strings in Resources */,
				1DDD58160DA1D0A300B32029 /* MainMenu.xib in Resources */,
				FAB70A9310CDBB4D003E3A72 /* grin.png in Resources */,
			);
			runOnlyForDeploymentPostprocessing = 0;
		};
/* End PBXResourcesBuildPhase section */

/* Begin PBXSourcesBuildPhase section */
		8D11072C0486CEB800E47090 /* Sources */ = {
			isa = PBXSourcesBuildPhase;
			buildActionMask = 2147483647;
			files = (
				8D11072D0486CEB800E47090 /* main.m in Sources */,
				FA4DBF4810CB24DD009B18B1 /* AppController.m in Sources */,
				FA4DBF4C10CB25C1009B18B1 /* Client.m in Sources */,
				FA4DBF6D10CB26EF009B18B1 /* CDataScanner.m in Sources */,
				FA4DBF6E10CB26EF009B18B1 /* CDataScanner_Extensions.m in Sources */,
				FA4DBF6F10CB26EF009B18B1 /* NSCharacterSet_Extensions.m in Sources */,
				FA4DBF7010CB26EF009B18B1 /* NSDictionary_JSONExtensions.m in Sources */,
				FA4DBF7110CB26EF009B18B1 /* CJSONDeserializer.m in Sources */,
				FA4DBF7210CB26EF009B18B1 /* CJSONScanner.m in Sources */,
				FA4DBF7310CB26EF009B18B1 /* CJSONSerializer.m in Sources */,
			);
			runOnlyForDeploymentPostprocessing = 0;
		};
/* End PBXSourcesBuildPhase section */

/* Begin PBXVariantGroup section */
		089C165CFE840E0CC02AAC07 /* InfoPlist.strings */ = {
			isa = PBXVariantGroup;
			children = (
				089C165DFE840E0CC02AAC07 /* English */,
			);
			name = InfoPlist.strings;
			sourceTree = "<group>";
		};
		1DDD58140DA1D0A300B32029 /* MainMenu.xib */ = {
			isa = PBXVariantGroup;
			children = (
				1DDD58150DA1D0A300B32029 /* English */,
			);
			name = MainMenu.xib;
			sourceTree = "<group>";
		};
/* End PBXVariantGroup section */

/* Begin XCBuildConfiguration section */
		C01FCF4B08A954540054247B /* Debug */ = {
			isa = XCBuildConfiguration;
			buildSettings = {
				ALWAYS_SEARCH_USER_PATHS = NO;
				COPY_PHASE_STRIP = NO;
				FRAMEWORK_SEARCH_PATHS = (
					"$(inherited)",
					"\"$(SRCROOT)\"",
				);
				GCC_DYNAMIC_NO_PIC = NO;
				GCC_ENABLE_FIX_AND_CONTINUE = YES;
				GCC_MODEL_TUNING = G5;
				GCC_OPTIMIZATION_LEVEL = 0;
				GCC_PRECOMPILE_PREFIX_HEADER = YES;
				GCC_PREFIX_HEADER = Nio_Prefix.pch;
				INFOPLIST_FILE = Info.plist;
				INSTALL_PATH = "$(HOME)/Applications";
				PRODUCT_NAME = Nio;
			};
			name = Debug;
		};
		C01FCF4C08A954540054247B /* Release */ = {
			isa = XCBuildConfiguration;
			buildSettings = {
				ALWAYS_SEARCH_USER_PATHS = NO;
				DEBUG_INFORMATION_FORMAT = "dwarf-with-dsym";
				FRAMEWORK_SEARCH_PATHS = (
					"$(inherited)",
					"\"$(SRCROOT)\"",
				);
				GCC_MODEL_TUNING = G5;
				GCC_PRECOMPILE_PREFIX_HEADER = YES;
				GCC_PREFIX_HEADER = Nio_Prefix.pch;
				INFOPLIST_FILE = Info.plist;
				INSTALL_PATH = "$(HOME)/Applications";
				PRODUCT_NAME = Nio;
			};
			name = Release;
		};
		C01FCF4F08A954540054247B /* Debug */ = {
			isa = XCBuildConfiguration;
			buildSettings = {
				ARCHS = "$(ARCHS_STANDARD_32_BIT)";
				GCC_C_LANGUAGE_STANDARD = c99;
				GCC_OPTIMIZATION_LEVEL = 0;
				GCC_WARN_ABOUT_RETURN_TYPE = YES;
				GCC_WARN_UNUSED_VARIABLE = YES;
				ONLY_ACTIVE_ARCH = YES;
				PREBINDING = NO;
				SDKROOT = macosx10.5;
			};
			name = Debug;
		};
		C01FCF5008A954540054247B /* Release */ = {
			isa = XCBuildConfiguration;
			buildSettings = {
				ARCHS = "$(ARCHS_STANDARD_32_BIT)";
				GCC_C_LANGUAGE_STANDARD = c99;
				GCC_WARN_ABOUT_RETURN_TYPE = YES;
				GCC_WARN_UNUSED_VARIABLE = YES;
				PREBINDING = NO;
				SDKROOT = macosx10.5;
			};
			name = Release;
		};
/* End XCBuildConfiguration section */

/* Begin XCConfigurationList section */
		C01FCF4A08A954540054247B /* Build configuration list for PBXNativeTarget "Nio" */ = {
			isa = XCConfigurationList;
			buildConfigurations = (
				C01FCF4B08A954540054247B /* Debug */,
				C01FCF4C08A954540054247B /* Release */,
			);
			defaultConfigurationIsVisible = 0;
			defaultConfigurationName = Release;
		};
		C01FCF4E08A954540054247B /* Build configuration list for PBXProject "Nio" */ = {
			isa = XCConfigurationList;
			buildConfigurations = (
				C01FCF4F08A954540054247B /* Debug */,
				C01FCF5008A954540054247B /* Release */,
			);
			defaultConfigurationIsVisible = 0;
			defaultConfigurationName = Release;
		};
/* End XCConfigurationList section */
	};
	rootObject = 29B97313FDCFA39411CA2CEA /* Project object */;
}
